// !$*UTF8*$!
{
	archiveVersion = 1;
	classes = {
	};
	objectVersion = 50;
	objects = {

/* Begin PBXBuildFile section */
		06E04CFC24216D2700150C39 /* AppDelegate.swift in Sources */ = {isa = PBXBuildFile; fileRef = 06E04CFB24216D2700150C39 /* AppDelegate.swift */; };
		06E04CFE24216D2700150C39 /* SceneDelegate.swift in Sources */ = {isa = PBXBuildFile; fileRef = 06E04CFD24216D2700150C39 /* SceneDelegate.swift */; };
		06E04D0324216D2700150C39 /* Main.storyboard in Resources */ = {isa = PBXBuildFile; fileRef = 06E04D0124216D2700150C39 /* Main.storyboard */; };
		06E04D0524216D2800150C39 /* Assets.xcassets in Resources */ = {isa = PBXBuildFile; fileRef = 06E04D0424216D2800150C39 /* Assets.xcassets */; };
		06E04D0824216D2800150C39 /* LaunchScreen.storyboard in Resources */ = {isa = PBXBuildFile; fileRef = 06E04D0624216D2800150C39 /* LaunchScreen.storyboard */; };
		06E04D1324216D2900150C39 /* MeuPrimeiroProjetoTests.swift in Sources */ = {isa = PBXBuildFile; fileRef = 06E04D1224216D2900150C39 /* MeuPrimeiroProjetoTests.swift */; };
		06E04D1E24216D2900150C39 /* MeuPrimeiroProjetoUITests.swift in Sources */ = {isa = PBXBuildFile; fileRef = 06E04D1D24216D2900150C39 /* MeuPrimeiroProjetoUITests.swift */; };
		06E04D2C2421735500150C39 /* PrimeiroViewController.swift in Sources */ = {isa = PBXBuildFile; fileRef = 06E04D2B2421735500150C39 /* PrimeiroViewController.swift */; };
/* End PBXBuildFile section */

/* Begin PBXContainerItemProxy section */
		06E04D0F24216D2800150C39 /* PBXContainerItemProxy */ = {
			isa = PBXContainerItemProxy;
			containerPortal = 06E04CF024216D2700150C39 /* Project object */;
			proxyType = 1;
			remoteGlobalIDString = 06E04CF724216D2700150C39;
			remoteInfo = MeuPrimeiroProjeto;
		};
		06E04D1A24216D2900150C39 /* PBXContainerItemProxy */ = {
			isa = PBXContainerItemProxy;
			containerPortal = 06E04CF024216D2700150C39 /* Project object */;
			proxyType = 1;
			remoteGlobalIDString = 06E04CF724216D2700150C39;
			remoteInfo = MeuPrimeiroProjeto;
		};
/* End PBXContainerItemProxy section */

/* Begin PBXFileReference section */
		06E04CF824216D2700150C39 /* MeuPrimeiroProjeto.app */ = {isa = PBXFileReference; explicitFileType = wrapper.application; includeInIndex = 0; path = MeuPrimeiroProjeto.app; sourceTree = BUILT_PRODUCTS_DIR; };
		06E04CFB24216D2700150C39 /* AppDelegate.swift */ = {isa = PBXFileReference; lastKnownFileType = sourcecode.swift; path = AppDelegate.swift; sourceTree = "<group>"; };
		06E04CFD24216D2700150C39 /* SceneDelegate.swift */ = {isa = PBXFileReference; lastKnownFileType = sourcecode.swift; path = SceneDelegate.swift; sourceTree = "<group>"; };
		06E04D0224216D2700150C39 /* Base */ = {isa = PBXFileReference; lastKnownFileType = file.storyboard; name = Base; path = Base.lproj/Main.storyboard; sourceTree = "<group>"; };
		06E04D0424216D2800150C39 /* Assets.xcassets */ = {isa = PBXFileReference; lastKnownFileType = folder.assetcatalog; path = Assets.xcassets; sourceTree = "<group>"; };
		06E04D0724216D2800150C39 /* Base */ = {isa = PBXFileReference; lastKnownFileType = file.storyboard; name = Base; path = Base.lproj/LaunchScreen.storyboard; sourceTree = "<group>"; };
		06E04D0924216D2800150C39 /* Info.plist */ = {isa = PBXFileReference; lastKnownFileType = text.plist.xml; path = Info.plist; sourceTree = "<group>"; };
		06E04D0E24216D2800150C39 /* MeuPrimeiroProjetoTests.xctest */ = {isa = PBXFileReference; explicitFileType = wrapper.cfbundle; includeInIndex = 0; path = MeuPrimeiroProjetoTests.xctest; sourceTree = BUILT_PRODUCTS_DIR; };
		06E04D1224216D2900150C39 /* MeuPrimeiroProjetoTests.swift */ = {isa = PBXFileReference; lastKnownFileType = sourcecode.swift; path = MeuPrimeiroProjetoTests.swift; sourceTree = "<group>"; };
		06E04D1424216D2900150C39 /* Info.plist */ = {isa = PBXFileReference; lastKnownFileType = text.plist.xml; path = Info.plist; sourceTree = "<group>"; };
		06E04D1924216D2900150C39 /* MeuPrimeiroProjetoUITests.xctest */ = {isa = PBXFileReference; explicitFileType = wrapper.cfbundle; includeInIndex = 0; path = MeuPrimeiroProjetoUITests.xctest; sourceTree = BUILT_PRODUCTS_DIR; };
		06E04D1D24216D2900150C39 /* MeuPrimeiroProjetoUITests.swift */ = {isa = PBXFileReference; lastKnownFileType = sourcecode.swift; path = MeuPrimeiroProjetoUITests.swift; sourceTree = "<group>"; };
		06E04D1F24216D2900150C39 /* Info.plist */ = {isa = PBXFileReference; lastKnownFileType = text.plist.xml; path = Info.plist; sourceTree = "<group>"; };
		06E04D2B2421735500150C39 /* PrimeiroViewController.swift */ = {isa = PBXFileReference; lastKnownFileType = sourcecode.swift; path = PrimeiroViewController.swift; sourceTree = "<group>"; };
/* End PBXFileReference section */

/* Begin PBXFrameworksBuildPhase section */
		06E04CF524216D2700150C39 /* Frameworks */ = {
			isa = PBXFrameworksBuildPhase;
			buildActionMask = 2147483647;
			files = (
			);
			runOnlyForDeploymentPostprocessing = 0;
		};
		06E04D0B24216D2800150C39 /* Frameworks */ = {
			isa = PBXFrameworksBuildPhase;
			buildActionMask = 2147483647;
			files = (
			);
			runOnlyForDeploymentPostprocessing = 0;
		};
		06E04D1624216D2900150C39 /* Frameworks */ = {
			isa = PBXFrameworksBuildPhase;
			buildActionMask = 2147483647;
			files = (
			);
			runOnlyForDeploymentPostprocessing = 0;
		};
/* End PBXFrameworksBuildPhase section */

/* Begin PBXGroup section */
		06E04CEF24216D2700150C39 = {
			isa = PBXGroup;
			children = (
				06E04CFA24216D2700150C39 /* MeuPrimeiroProjeto */,
				06E04D1124216D2900150C39 /* MeuPrimeiroProjetoTests */,
				06E04D1C24216D2900150C39 /* MeuPrimeiroProjetoUITests */,
				06E04CF924216D2700150C39 /* Products */,
			);
			sourceTree = "<group>";
		};
		06E04CF924216D2700150C39 /* Products */ = {
			isa = PBXGroup;
			children = (
				06E04CF824216D2700150C39 /* MeuPrimeiroProjeto.app */,
				06E04D0E24216D2800150C39 /* MeuPrimeiroProjetoTests.xctest */,
				06E04D1924216D2900150C39 /* MeuPrimeiroProjetoUITests.xctest */,
			);
			name = Products;
			sourceTree = "<group>";
		};
		06E04CFA24216D2700150C39 /* MeuPrimeiroProjeto */ = {
			isa = PBXGroup;
			children = (
				06E04CFB24216D2700150C39 /* AppDelegate.swift */,
				06E04CFD24216D2700150C39 /* SceneDelegate.swift */,
				06E04D0124216D2700150C39 /* Main.storyboard */,
				06E04D0424216D2800150C39 /* Assets.xcassets */,
				06E04D0624216D2800150C39 /* LaunchScreen.storyboard */,
				06E04D0924216D2800150C39 /* Info.plist */,
				06E04D2B2421735500150C39 /* PrimeiroViewController.swift */,
			);
			path = MeuPrimeiroProjeto;
			sourceTree = "<group>";
		};
		06E04D1124216D2900150C39 /* MeuPrimeiroProjetoTests */ = {
			isa = PBXGroup;
			children = (
				06E04D1224216D2900150C39 /* MeuPrimeiroProjetoTests.swift */,
				06E04D1424216D2900150C39 /* Info.plist */,
			);
			path = MeuPrimeiroProjetoTests;
			sourceTree = "<group>";
		};
		06E04D1C24216D2900150C39 /* MeuPrimeiroProjetoUITests */ = {
			isa = PBXGroup;
			children = (
				06E04D1D24216D2900150C39 /* MeuPrimeiroProjetoUITests.swift */,
				06E04D1F24216D2900150C39 /* Info.plist */,
			);
			path = MeuPrimeiroProjetoUITests;
			sourceTree = "<group>";
		};
/* End PBXGroup section */

/* Begin PBXNativeTarget section */
		06E04CF724216D2700150C39 /* MeuPrimeiroProjeto */ = {
			isa = PBXNativeTarget;
			buildConfigurationList = 06E04D2224216D2900150C39 /* Build configuration list for PBXNativeTarget "MeuPrimeiroProjeto" */;
			buildPhases = (
				06E04CF424216D2700150C39 /* Sources */,
				06E04CF524216D2700150C39 /* Frameworks */,
				06E04CF624216D2700150C39 /* Resources */,
			);
			buildRules = (
			);
			dependencies = (
			);
			name = MeuPrimeiroProjeto;
			productName = MeuPrimeiroProjeto;
			productReference = 06E04CF824216D2700150C39 /* MeuPrimeiroProjeto.app */;
			productType = "com.apple.product-type.application";
		};
		06E04D0D24216D2800150C39 /* MeuPrimeiroProjetoTests */ = {
			isa = PBXNativeTarget;
			buildConfigurationList = 06E04D2524216D2900150C39 /* Build configuration list for PBXNativeTarget "MeuPrimeiroProjetoTests" */;
			buildPhases = (
				06E04D0A24216D2800150C39 /* Sources */,
				06E04D0B24216D2800150C39 /* Frameworks */,
				06E04D0C24216D2800150C39 /* Resources */,
			);
			buildRules = (
			);
			dependencies = (
				06E04D1024216D2800150C39 /* PBXTargetDependency */,
			);
			name = MeuPrimeiroProjetoTests;
			productName = MeuPrimeiroProjetoTests;
			productReference = 06E04D0E24216D2800150C39 /* MeuPrimeiroProjetoTests.xctest */;
			productType = "com.apple.product-type.bundle.unit-test";
		};
		06E04D1824216D2900150C39 /* MeuPrimeiroProjetoUITests */ = {
			isa = PBXNativeTarget;
			buildConfigurationList = 06E04D2824216D2900150C39 /* Build configuration list for PBXNativeTarget "MeuPrimeiroProjetoUITests" */;
			buildPhases = (
				06E04D1524216D2900150C39 /* Sources */,
				06E04D1624216D2900150C39 /* Frameworks */,
				06E04D1724216D2900150C39 /* Resources */,
			);
			buildRules = (
			);
			dependencies = (
				06E04D1B24216D2900150C39 /* PBXTargetDependency */,
			);
			name = MeuPrimeiroProjetoUITests;
			productName = MeuPrimeiroProjetoUITests;
			productReference = 06E04D1924216D2900150C39 /* MeuPrimeiroProjetoUITests.xctest */;
			productType = "com.apple.product-type.bundle.ui-testing";
		};
/* End PBXNativeTarget section */

/* Begin PBXProject section */
		06E04CF024216D2700150C39 /* Project object */ = {
			isa = PBXProject;
			attributes = {
				LastSwiftUpdateCheck = 1130;
				LastUpgradeCheck = 1130;
				ORGANIZATIONNAME = "Digital Innovation One";
				TargetAttributes = {
					06E04CF724216D2700150C39 = {
						CreatedOnToolsVersion = 11.3.1;
					};
					06E04D0D24216D2800150C39 = {
						CreatedOnToolsVersion = 11.3.1;
						TestTargetID = 06E04CF724216D2700150C39;
					};
					06E04D1824216D2900150C39 = {
						CreatedOnToolsVersion = 11.3.1;
						TestTargetID = 06E04CF724216D2700150C39;
					};
				};
			};
			buildConfigurationList = 06E04CF324216D2700150C39 /* Build configuration list for PBXProject "MeuPrimeiroProjeto" */;
			compatibilityVersion = "Xcode 9.3";
			developmentRegion = en;
			hasScannedForEncodings = 0;
			knownRegions = (
				en,
				Base,
			);
			mainGroup = 06E04CEF24216D2700150C39;
			productRefGroup = 06E04CF924216D2700150C39 /* Products */;
			projectDirPath = "";
			projectRoot = "";
			targets = (
				06E04CF724216D2700150C39 /* MeuPrimeiroProjeto */,
				06E04D0D24216D2800150C39 /* MeuPrimeiroProjetoTests */,
				06E04D1824216D2900150C39 /* MeuPrimeiroProjetoUITests */,
			);
		};
/* End PBXProject section */

/* Begin PBXResourcesBuildPhase section */
		06E04CF624216D2700150C39 /* Resources */ = {
			isa = PBXResourcesBuildPhase;
			buildActionMask = 2147483647;
			files = (
				06E04D0824216D2800150C39 /* LaunchScreen.storyboard in Resources */,
				06E04D0524216D2800150C39 /* Assets.xcassets in Resources */,
				06E04D0324216D2700150C39 /* Main.storyboard in Resources */,
			);
			runOnlyForDeploymentPostprocessing = 0;
		};
		06E04D0C24216D2800150C39 /* Resources */ = {
			isa = PBXResourcesBuildPhase;
			buildActionMask = 2147483647;
			files = (
			);
			runOnlyForDeploymentPostprocessing = 0;
		};
		06E04D1724216D2900150C39 /* Resources */ = {
			isa = PBXResourcesBuildPhase;
			buildActionMask = 2147483647;
			files = (
			);
			runOnlyForDeploymentPostprocessing = 0;
		};
/* End PBXResourcesBuildPhase section */

/* Begin PBXSourcesBuildPhase section */
		06E04CF424216D2700150C39 /* Sources */ = {
			isa = PBXSourcesBuildPhase;
			buildActionMask = 2147483647;
			files = (
				06E04D2C2421735500150C39 /* PrimeiroViewController.swift in Sources */,
				06E04CFC24216D2700150C39 /* AppDelegate.swift in Sources */,
				06E04CFE24216D2700150C39 /* SceneDelegate.swift in Sources */,
			);
			runOnlyForDeploymentPostprocessing = 0;
		};
		06E04D0A24216D2800150C39 /* Sources */ = {
			isa = PBXSourcesBuildPhase;
			buildActionMask = 2147483647;
			files = (
				06E04D1324216D2900150C39 /* MeuPrimeiroProjetoTests.swift in Sources */,
			);
			runOnlyForDeploymentPostprocessing = 0;
		};
		06E04D1524216D2900150C39 /* Sources */ = {
			isa = PBXSourcesBuildPhase;
			buildActionMask = 2147483647;
			files = (
				06E04D1E24216D2900150C39 /* MeuPrimeiroProjetoUITests.swift in Sources */,
			);
			runOnlyForDeploymentPostprocessing = 0;
		};
/* End PBXSourcesBuildPhase section */

/* Begin PBXTargetDependency section */
		06E04D1024216D2800150C39 /* PBXTargetDependency */ = {
			isa = PBXTargetDependency;
			target = 06E04CF724216D2700150C39 /* MeuPrimeiroProjeto */;
			targetProxy = 06E04D0F24216D2800150C39 /* PBXContainerItemProxy */;
		};
		06E04D1B24216D2900150C39 /* PBXTargetDependency */ = {
			isa = PBXTargetDependency;
			target = 06E04CF724216D2700150C39 /* MeuPrimeiroProjeto */;
			targetProxy = 06E04D1A24216D2900150C39 /* PBXContainerItemProxy */;
		};
/* End PBXTargetDependency section */

/* Begin PBXVariantGroup section */
		06E04D0124216D2700150C39 /* Main.storyboard */ = {
			isa = PBXVariantGroup;
			children = (
				06E04D0224216D2700150C39 /* Base */,
			);
			name = Main.storyboard;
			sourceTree = "<group>";
		};
		06E04D0624216D2800150C39 /* LaunchScreen.storyboard */ = {
			isa = PBXVariantGroup;
			children = (
				06E04D0724216D2800150C39 /* Base */,
			);
			name = LaunchScreen.storyboard;
			sourceTree = "<group>";
		};
/* End PBXVariantGroup section */

/* Begin XCBuildConfiguration section */
		06E04D2024216D2900150C39 /* Debug */ = {
			isa = XCBuildConfiguration;
			buildSettings = {
				ALWAYS_SEARCH_USER_PATHS = NO;
				CLANG_ANALYZER_NONNULL = YES;
				CLANG_ANALYZER_NUMBER_OBJECT_CONVERSION = YES_AGGRESSIVE;
				CLANG_CXX_LANGUAGE_STANDARD = "gnu++14";
				CLANG_CXX_LIBRARY = "libc++";
				CLANG_ENABLE_MODULES = YES;
				CLANG_ENABLE_OBJC_ARC = YES;
				CLANG_ENABLE_OBJC_WEAK = YES;
				CLANG_WARN_BLOCK_CAPTURE_AUTORELEASING = YES;
				CLANG_WARN_BOOL_CONVERSION = YES;
				CLANG_WARN_COMMA = YES;
				CLANG_WARN_CONSTANT_CONVERSION = YES;
				CLANG_WARN_DEPRECATED_OBJC_IMPLEMENTATIONS = YES;
				CLANG_WARN_DIRECT_OBJC_ISA_USAGE = YES_ERROR;
				CLANG_WARN_DOCUMENTATION_COMMENTS = YES;
				CLANG_WARN_EMPTY_BODY = YES;
				CLANG_WARN_ENUM_CONVERSION = YES;
				CLANG_WARN_INFINITE_RECURSION = YES;
				CLANG_WARN_INT_CONVERSION = YES;
				CLANG_WARN_NON_LITERAL_NULL_CONVERSION = YES;
				CLANG_WARN_OBJC_IMPLICIT_RETAIN_SELF = YES;
				CLANG_WARN_OBJC_LITERAL_CONVERSION = YES;
				CLANG_WARN_OBJC_ROOT_CLASS = YES_ERROR;
				CLANG_WARN_RANGE_LOOP_ANALYSIS = YES;
				CLANG_WARN_STRICT_PROTOTYPES = YES;
				CLANG_WARN_SUSPICIOUS_MOVE = YES;
				CLANG_WARN_UNGUARDED_AVAILABILITY = YES_AGGRESSIVE;
				CLANG_WARN_UNREACHABLE_CODE = YES;
				CLANG_WARN__DUPLICATE_METHOD_MATCH = YES;
				COPY_PHASE_STRIP = NO;
				DEBUG_INFORMATION_FORMAT = dwarf;
				ENABLE_STRICT_OBJC_MSGSEND = YES;
				ENABLE_TESTABILITY = YES;
				GCC_C_LANGUAGE_STANDARD = gnu11;
				GCC_DYNAMIC_NO_PIC = NO;
				GCC_NO_COMMON_BLOCKS = YES;
				GCC_OPTIMIZATION_LEVEL = 0;
				GCC_PREPROCESSOR_DEFINITIONS = (
					"DEBUG=1",
					"$(inherited)",
				);
				GCC_WARN_64_TO_32_BIT_CONVERSION = YES;
				GCC_WARN_ABOUT_RETURN_TYPE = YES_ERROR;
				GCC_WARN_UNDECLARED_SELECTOR = YES;
				GCC_WARN_UNINITIALIZED_AUTOS = YES_AGGRESSIVE;
				GCC_WARN_UNUSED_FUNCTION = YES;
				GCC_WARN_UNUSED_VARIABLE = YES;
				IPHONEOS_DEPLOYMENT_TARGET = 13.2;
				MTL_ENABLE_DEBUG_INFO = INCLUDE_SOURCE;
				MTL_FAST_MATH = YES;
				ONLY_ACTIVE_ARCH = YES;
				SDKROOT = iphoneos;
				SWIFT_ACTIVE_COMPILATION_CONDITIONS = DEBUG;
				SWIFT_OPTIMIZATION_LEVEL = "-Onone";
			};
			name = Debug;
		};
		06E04D2124216D2900150C39 /* Release */ = {
			isa = XCBuildConfiguration;
			buildSettings = {
				ALWAYS_SEARCH_USER_PATHS = NO;
				CLANG_ANALYZER_NONNULL = YES;
				CLANG_ANALYZER_NUMBER_OBJECT_CONVERSION = YES_AGGRESSIVE;
				CLANG_CXX_LANGUAGE_STANDARD = "gnu++14";
				CLANG_CXX_LIBRARY = "libc++";
				CLANG_ENABLE_MODULES = YES;
				CLANG_ENABLE_OBJC_ARC = YES;
				CLANG_ENABLE_OBJC_WEAK = YES;
				CLANG_WARN_BLOCK_CAPTURE_AUTORELEASING = YES;
				CLANG_WARN_BOOL_CONVERSION = YES;
				CLANG_WARN_COMMA = YES;
				CLANG_WARN_CONSTANT_CONVERSION = YES;
				CLANG_WARN_DEPRECATED_OBJC_IMPLEMENTATIONS = YES;
				CLANG_WARN_DIRECT_OBJC_ISA_USAGE = YES_ERROR;
				CLANG_WARN_DOCUMENTATION_COMMENTS = YES;
				CLANG_WARN_EMPTY_BODY = YES;
				CLANG_WARN_ENUM_CONVERSION = YES;
				CLANG_WARN_INFINITE_RECURSION = YES;
				CLANG_WARN_INT_CONVERSION = YES;
				CLANG_WARN_NON_LITERAL_NULL_CONVERSION = YES;
				CLANG_WARN_OBJC_IMPLICIT_RETAIN_SELF = YES;
				CLANG_WARN_OBJC_LITERAL_CONVERSION = YES;
				CLANG_WARN_OBJC_ROOT_CLASS = YES_ERROR;
				CLANG_WARN_RANGE_LOOP_ANALYSIS = YES;
				CLANG_WARN_STRICT_PROTOTYPES = YES;
				CLANG_WARN_SUSPICIOUS_MOVE = YES;
				CLANG_WARN_UNGUARDED_AVAILABILITY = YES_AGGRESSIVE;
				CLANG_WARN_UNREACHABLE_CODE = YES;
				CLANG_WARN__DUPLICATE_METHOD_MATCH = YES;
				COPY_PHASE_STRIP = NO;
				DEBUG_INFORMATION_FORMAT = "dwarf-with-dsym";
				ENABLE_NS_ASSERTIONS = NO;
				ENABLE_STRICT_OBJC_MSGSEND = YES;
				GCC_C_LANGUAGE_STANDARD = gnu11;
				GCC_NO_COMMON_BLOCKS = YES;
				GCC_WARN_64_TO_32_BIT_CONVERSION = YES;
				GCC_WARN_ABOUT_RETURN_TYPE = YES_ERROR;
				GCC_WARN_UNDECLARED_SELECTOR = YES;
				GCC_WARN_UNINITIALIZED_AUTOS = YES_AGGRESSIVE;
				GCC_WARN_UNUSED_FUNCTION = YES;
				GCC_WARN_UNUSED_VARIABLE = YES;
				IPHONEOS_DEPLOYMENT_TARGET = 13.2;
				MTL_ENABLE_DEBUG_INFO = NO;
				MTL_FAST_MATH = YES;
				SDKROOT = iphoneos;
				SWIFT_COMPILATION_MODE = wholemodule;
				SWIFT_OPTIMIZATION_LEVEL = "-O";
				VALIDATE_PRODUCT = YES;
			};
			name = Release;
		};
		06E04D2324216D2900150C39 /* Debug */ = {
			isa = XCBuildConfiguration;
			buildSettings = {
				ASSETCATALOG_COMPILER_APPICON_NAME = AppIcon;
				CODE_SIGN_STYLE = Automatic;
				INFOPLIST_FILE = MeuPrimeiroProjeto/Info.plist;
				LD_RUNPATH_SEARCH_PATHS = (
					"$(inherited)",
					"@executable_path/Frameworks",
				);
				PRODUCT_BUNDLE_IDENTIFIER = br.com.digitalinnovationone.MeuPrimeiroProjeto;
				PRODUCT_NAME = "$(TARGET_NAME)";
				SWIFT_VERSION = 5.0;
				TARGETED_DEVICE_FAMILY = "1,2";
			};
			name = Debug;
		};
		06E04D2424216D2900150C39 /* Release */ = {
			isa = XCBuildConfiguration;
			buildSettings = {
				ASSETCATALOG_COMPILER_APPICON_NAME = AppIcon;
				CODE_SIGN_STYLE = Automatic;
				INFOPLIST_FILE = MeuPrimeiroProjeto/Info.plist;
				LD_RUNPATH_SEARCH_PATHS = (
					"$(inherited)",
					"@executable_path/Frameworks",
				);
				PRODUCT_BUNDLE_IDENTIFIER = br.com.digitalinnovationone.MeuPrimeiroProjeto;
				PRODUCT_NAME = "$(TARGET_NAME)";
				SWIFT_VERSION = 5.0;
				TARGETED_DEVICE_FAMILY = "1,2";
			};
			name = Release;
		};
		06E04D2624216D2900150C39 /* Debug */ = {
			isa = XCBuildConfiguration;
			buildSettings = {
				ALWAYS_EMBED_SWIFT_STANDARD_LIBRARIES = YES;
				BUNDLE_LOADER = "$(TEST_HOST)";
				CODE_SIGN_STYLE = Automatic;
				INFOPLIST_FILE = MeuPrimeiroProjetoTests/Info.plist;
				IPHONEOS_DEPLOYMENT_TARGET = 13.2;
				LD_RUNPATH_SEARCH_PATHS = (
					"$(inherited)",
					"@executable_path/Frameworks",
					"@loader_path/Frameworks",
				);
				PRODUCT_BUNDLE_IDENTIFIER = br.com.digitalinnovationone.MeuPrimeiroProjetoTests;
				PRODUCT_NAME = "$(TARGET_NAME)";
				SWIFT_VERSION = 5.0;
				TARGETED_DEVICE_FAMILY = "1,2";
				TEST_HOST = "$(BUILT_PRODUCTS_DIR)/MeuPrimeiroProjeto.app/MeuPrimeiroProjeto";
			};
			name = Debug;
		};
		06E04D2724216D2900150C39 /* Release */ = {
			isa = XCBuildConfiguration;
			buildSettings = {
				ALWAYS_EMBED_SWIFT_STANDARD_LIBRARIES = YES;
				BUNDLE_LOADER = "$(TEST_HOST)";
				CODE_SIGN_STYLE = Automatic;
				INFOPLIST_FILE = MeuPrimeiroProjetoTests/Info.plist;
				IPHONEOS_DEPLOYMENT_TARGET = 13.2;
				LD_RUNPATH_SEARCH_PATHS = (
					"$(inherited)",
					"@executable_path/Frameworks",
					"@loader_path/Frameworks",
				);
				PRODUCT_BUNDLE_IDENTIFIER = br.com.digitalinnovationone.MeuPrimeiroProjetoTests;
				PRODUCT_NAME = "$(TARGET_NAME)";
				SWIFT_VERSION = 5.0;
				TARGETED_DEVICE_FAMILY = "1,2";
				TEST_HOST = "$(BUILT_PRODUCTS_DIR)/MeuPrimeiroProjeto.app/MeuPrimeiroProjeto";
			};
			name = Release;
		};
		06E04D2924216D2900150C39 /* Debug */ = {
			isa = XCBuildConfiguration;
			buildSettings = {
				ALWAYS_EMBED_SWIFT_STANDARD_LIBRARIES = YES;
				CODE_SIGN_STYLE = Automatic;
				INFOPLIST_FILE = MeuPrimeiroProjetoUITests/Info.plist;
				LD_RUNPATH_SEARCH_PATHS = (
					"$(inherited)",
					"@executable_path/Frameworks",
					"@loader_path/Frameworks",
				);
				PRODUCT_BUNDLE_IDENTIFIER = br.com.digitalinnovationone.MeuPrimeiroProjetoUITests;
				PRODUCT_NAME = "$(TARGET_NAME)";
				SWIFT_VERSION = 5.0;
				TARGETED_DEVICE_FAMILY = "1,2";
				TEST_TARGET_NAME = MeuPrimeiroProjeto;
			};
			name = Debug;
		};
		06E04D2A24216D2900150C39 /* Release */ = {
			isa = XCBuildConfiguration;
			buildSettings = {
				ALWAYS_EMBED_SWIFT_STANDARD_LIBRARIES = YES;
				CODE_SIGN_STYLE = Automatic;
				INFOPLIST_FILE = MeuPrimeiroProjetoUITests/Info.plist;
				LD_RUNPATH_SEARCH_PATHS = (
					"$(inherited)",
					"@executable_path/Frameworks",
					"@loader_path/Frameworks",
				);
				PRODUCT_BUNDLE_IDENTIFIER = br.com.digitalinnovationone.MeuPrimeiroProjetoUITests;
				PRODUCT_NAME = "$(TARGET_NAME)";
				SWIFT_VERSION = 5.0;
				TARGETED_DEVICE_FAMILY = "1,2";
				TEST_TARGET_NAME = MeuPrimeiroProjeto;
			};
			name = Release;
		};
/* End XCBuildConfiguration section */

/* Begin XCConfigurationList section */
		06E04CF324216D2700150C39 /* Build configuration list for PBXProject "MeuPrimeiroProjeto" */ = {
			isa = XCConfigurationList;
			buildConfigurations = (
				06E04D2024216D2900150C39 /* Debug */,
				06E04D2124216D2900150C39 /* Release */,
			);
			defaultConfigurationIsVisible = 0;
			defaultConfigurationName = Release;
		};
		06E04D2224216D2900150C39 /* Build configuration list for PBXNativeTarget "MeuPrimeiroProjeto" */ = {
			isa = XCConfigurationList;
			buildConfigurations = (
				06E04D2324216D2900150C39 /* Debug */,
				06E04D2424216D2900150C39 /* Release */,
			);
			defaultConfigurationIsVisible = 0;
			defaultConfigurationName = Release;
		};
		06E04D2524216D2900150C39 /* Build configuration list for PBXNativeTarget "MeuPrimeiroProjetoTests" */ = {
			isa = XCConfigurationList;
			buildConfigurations = (
				06E04D2624216D2900150C39 /* Debug */,
				06E04D2724216D2900150C39 /* Release */,
			);
			defaultConfigurationIsVisible = 0;
			defaultConfigurationName = Release;
		};
		06E04D2824216D2900150C39 /* Build configuration list for PBXNativeTarget "MeuPrimeiroProjetoUITests" */ = {
			isa = XCConfigurationList;
			buildConfigurations = (
				06E04D2924216D2900150C39 /* Debug */,
				06E04D2A24216D2900150C39 /* Release */,
			);
			defaultConfigurationIsVisible = 0;
			defaultConfigurationName = Release;
		};
/* End XCConfigurationList section */
	};
	rootObject = 06E04CF024216D2700150C39 /* Project object */;
}
